
Microsoft Visual Studio Solution File, Format Version 12.00
# Visual Studio 15
VisualStudioVersion = 15.0.27703.2042
MinimumVisualStudioVersion = 10.0.40219.1
Project("{FAE04EC0-301F-11D3-BF4B-00C04F79EFBC}") = "8-1方法的声明和调用（1）", "8-1方法的声明和调用（1）\8-1方法的声明和调用（1）.csproj", "{DFDDF31C-8DEC-4667-900A-7CDABB98CC52}"
EndProject
Project("{FAE04EC0-301F-11D3-BF4B-00C04F79EFBC}") = "8-2方法的声明及调用（2）", "8-2方法的声明及调用（2）\8-2方法的声明及调用（2）.csproj", "{133B5772-7E6A-4706-B4BE-71A76CD8EB66}"
EndProject
Project("{FAE04EC0-301F-11D3-BF4B-00C04F79EFBC}") = "8-3静态方法与实例方法", "8-3静态方法与实例方法\8-3静态方法与实例方法.csproj", "{2510F5AF-5A42-4BC7-9EF4-176EF0FFDB4F}"
EndProject
Project("{FAE04EC0-301F-11D3-BF4B-00C04F79EFBC}") = "8-4虚方法", "8-4虚方法\8-4虚方法.csproj", "{2B327494-7F0B-4D68-930A-9F3023309D62}"
EndProject
Global
	GlobalSection(SolutionConfigurationPlatforms) = preSolution
		Debug|Any CPU = Debug|Any CPU
		Release|Any CPU = Release|Any CPU
	EndGlobalSection
	GlobalSection(ProjectConfigurationPlatforms) = postSolution
		{DFDDF31C-8DEC-4667-900A-7CDABB98CC52}.Debug|Any CPU.ActiveCfg = Debug|Any CPU
		{DFDDF31C-8DEC-4667-900A-7CDABB98CC52}.Debug|Any CPU.Build.0 = Debug|Any CPU
		{DFDDF31C-8DEC-4667-900A-7CDABB98CC52}.Release|Any CPU.ActiveCfg = Release|Any CPU
		{DFDDF31C-8DEC-4667-900A-7CDABB98CC52}.Release|Any CPU.Build.0 = Release|Any CPU
		{133B5772-7E6A-4706-B4BE-71A76CD8EB66}.Debug|Any CPU.ActiveCfg = Debug|Any CPU
		{133B5772-7E6A-4706-B4BE-71A76CD8EB66}.Debug|Any CPU.Build.0 = Debug|Any CPU
		{133B5772-7E6A-4706-B4BE-71A76CD8EB66}.Release|Any CPU.ActiveCfg = Release|Any CPU
		{133B5772-7E6A-4706-B4BE-71A76CD8EB66}.Release|Any CPU.Build.0 = Release|Any CPU
		{2510F5AF-5A42-4BC7-9EF4-176EF0FFDB4F}.Debug|Any CPU.ActiveCfg = Debug|Any CPU
		{2510F5AF-5A42-4BC7-9EF4-176EF0FFDB4F}.Debug|Any CPU.Build.0 = Debug|Any CPU
		{2510F5AF-5A42-4BC7-9EF4-176EF0FFDB4F}.Release|Any CPU.ActiveCfg = Release|Any CPU
		{2510F5AF-5A42-4BC7-9EF4-176EF0FFDB4F}.Release|Any CPU.Build.0 = Release|Any CPU
		{2B327494-7F0B-4D68-930A-9F3023309D62}.Debug|Any CPU.ActiveCfg = Debug|Any CPU
		{2B327494-7F0B-4D68-930A-9F3023309D62}.Debug|Any CPU.Build.0 = Debug|Any CPU
		{2B327494-7F0B-4D68-930A-9F3023309D62}.Release|Any CPU.ActiveCfg = Release|Any CPU
		{2B327494-7F0B-4D68-930A-9F3023309D62}.Release|Any CPU.Build.0 = Release|Any CPU
	EndGlobalSection
	GlobalSection(SolutionProperties) = preSolution
		HideSolutionNode = FALSE
	EndGlobalSection
	GlobalSection(ExtensibilityGlobals) = postSolution
		SolutionGuid = {882CB0E2-6928-4464-B25C-02DA9A86B538}
	EndGlobalSection
EndGlobal
